
Microsoft Visual Studio Solution File, Format Version 12.00
# Visual Studio 2012
Project("{FAE04EC0-301F-11D3-BF4B-00C04F79EFBC}") = "WebDriverDemo", "WebDriverDemo\WebDriverDemo.csproj", "{E3C292D5-9230-4FAE-AAB1-F5348EAB788F}"
EndProject
Global
	GlobalSection(SolutionConfigurationPlatforms) = preSolution
		Debug|x86 = Debug|x86
		Release|x86 = Release|x86
	EndGlobalSection
	GlobalSection(ProjectConfigurationPlatforms) = postSolution
		{E3C292D5-9230-4FAE-AAB1-F5348EAB788F}.Debug|x86.ActiveCfg = Debug|x86
		{E3C292D5-9230-4FAE-AAB1-F5348EAB788F}.Debug|x86.Build.0 = Debug|x86
		{E3C292D5-9230-4FAE-AAB1-F5348EAB788F}.Release|x86.ActiveCfg = Release|x86
		{E3C292D5-9230-4FAE-AAB1-F5348EAB788F}.Release|x86.Build.0 = Release|x86
	EndGlobalSection
EndGlobal
